
Microsoft Visual Studio Solution File, Format Version 12.00
# Visual Studio Version 17
VisualStudioVersion = 17.4.33110.190
MinimumVisualStudioVersion = 10.0.40219.1
Project("{888888A0-9F3D-457C-B088-3A5042F75D52}") = "selectionsort", "selectionsort.pyproj", "{FC72884F-12CA-4794-9085-BE72CC4C26B5}"
EndProject
Global
	GlobalSection(SolutionConfigurationPlatforms) = preSolution
		Debug|Any CPU = Debug|Any CPU
		Release|Any CPU = Release|Any CPU
	EndGlobalSection
	GlobalSection(ProjectConfigurationPlatforms) = postSolution
		{FC72884F-12CA-4794-9085-BE72CC4C26B5}.Debug|Any CPU.ActiveCfg = Debug|Any CPU
		{FC72884F-12CA-4794-9085-BE72CC4C26B5}.Release|Any CPU.ActiveCfg = Release|Any CPU
	EndGlobalSection
	GlobalSection(SolutionProperties) = preSolution
		HideSolutionNode = FALSE
	EndGlobalSection
	GlobalSection(ExtensibilityGlobals) = postSolution
		SolutionGuid = {862D407C-A826-4692-9ABD-051930B2F9CB}
	EndGlobalSection
EndGlobal
